
Microsoft Visual Studio Solution File, Format Version 12.00
# Visual Studio Version 17
VisualStudioVersion = 17.4.33213.308
MinimumVisualStudioVersion = 10.0.40219.1
Project("{FAE04EC0-301F-11D3-BF4B-00C04F79EFBC}") = "Exmpl1", "Exmpl1\Exmpl1.csproj", "{C78C9ECA-4731-4745-93B8-EFE9EE8B5ECF}"
EndProject
Global
	GlobalSection(SolutionConfigurationPlatforms) = preSolution
		Debug|Any CPU = Debug|Any CPU
		Release|Any CPU = Release|Any CPU
	EndGlobalSection
	GlobalSection(ProjectConfigurationPlatforms) = postSolution
		{C78C9ECA-4731-4745-93B8-EFE9EE8B5ECF}.Debug|Any CPU.ActiveCfg = Debug|Any CPU
		{C78C9ECA-4731-4745-93B8-EFE9EE8B5ECF}.Debug|Any CPU.Build.0 = Debug|Any CPU
		{C78C9ECA-4731-4745-93B8-EFE9EE8B5ECF}.Release|Any CPU.ActiveCfg = Release|Any CPU
		{C78C9ECA-4731-4745-93B8-EFE9EE8B5ECF}.Release|Any CPU.Build.0 = Release|Any CPU
	EndGlobalSection
	GlobalSection(SolutionProperties) = preSolution
		HideSolutionNode = FALSE
	EndGlobalSection
	GlobalSection(ExtensibilityGlobals) = postSolution
		SolutionGuid = {13150EFC-62B7-4A77-BCB9-FD465A5494C8}
	EndGlobalSection
EndGlobal
